github.com/davecgh/go-spew v1.1.1 h1:vj9j/u1bqnvCEfJOwUhtlOARqs3+rkHYY13jYWTU97c=
github.com/davecgh/go-spew v1.1.1/go.mod h1:J7Y8YcW2NihsgmVo/mv3lAwl/skON4iLHjSsI+c5H38=
github.com/patrickhuber/go-collections v0.0.8 h1:5uX6XyeE3SXPj1r5qh5vC5u+ir9p2c7g6xxD623NgOI=
github.com/patrickhuber/go-collections v0.0.8/go.mod h1:toiYTs3YVa62MXZnnQeCOXeMB2YxGyitTgMYCCXCC7g=
github.com/patrickhuber/go-types v0.3.0 h1:DbwM55wp4bYFJcJXey+OcoQevjIuFLvrdO5TeZP+34c=
github.com/patrickhuber/go-types v0.3.0/go.mod h1:fkCDj9+Mfd2t7x0vb8EQywoa1vhBp+G8AW7M5kz7rnc=
github.com/patrickhuber/go-types v0.4.0 h1:mo8H3xSjT37AuZ2RoUwJ0WtSmEpG0LnEp6Va8605VF0=
github.com/patrickhuber/go-types v0.4.0/go.mod h1:fkCDj9+Mfd2t7x0vb8EQywoa1vhBp+G8AW7M5kz7rnc=
github.com/patrickhuber/go-types v0.4.1 h1:Et+IJTy5PuMdyilXf4R11nQPIiNOCOu+HUXyx+V1kSI=
github.com/patrickhuber/go-types v0.4.1/go.mod h1:fkCDj9+Mfd2t7x0vb8EQywoa1vhBp+G8AW7M5kz7rnc=
github.com/patrickhuber/go-types v0.4.2 h1:0ycoTBB6n+hzUcjiEb8DB8ExkOrmlzdbuy8q1iJ0WXE=
github.com/patrickhuber/go-types v0.4.2/go.mod h1:fkCDj9+Mfd2t7x0vb8EQywoa1vhBp+G8AW7M5kz7rnc=
github.com/patrickhuber/go-types v0.4.4 h1:RhnwtL10ejAlp8Xj3ytYCS8ge+0JVsGxnQ2Rb2ZTxhM=
github.com/patrickhuber/go-types v0.4.4/go.mod h1:fkCDj9+Mfd2t7x0vb8EQywoa1vhBp+G8AW7M5kz7rnc=
github.com/pmezard/go-difflib v1.0.0 h1:4DBwDE0NGyQoBHbLQYPwSUPoCMWR5BEzIk/f1lZbAQM=
github.com/pmezard/go-difflib v1.0.0/go.mod h1:iKH77koFhYxTK1pcRnkKkqfTogsbg7gZNVY4sRDYZ/4=
github.com/stretchr/testify v1.8.4 h1:CcVxjf3Q8PM0mHUKJCdn+eZZtm5yQwehR5yeSVQQcUk=
github.com/stretchr/testify v1.8.4/go.mod h1:sz/lmYIOXD/1dqDmKjjqLyZ2RngseejIcXlSw2iwfAo=
golang.org/x/exp v0.0.0-20230522175609-2e198f4a06a1 h1:k/i9J1pBpvlfR+9QsetwPyERsqu1GIbi967PQMq3Ivc=
golang.org/x/exp v0.0.0-20230522175609-2e198f4a06a1/go.mod h1:V1LtkGg67GoY2N1AnLN78QLrzxkLyJw7RJb1gzOOz9w=
golang.org/x/text v0.9.0 h1:2sjJmO8cDvYveuX97RDLsxlyUxLl+GHoLxBiRdHllBE=
golang.org/x/text v0.9.0/go.mod h1:e1OnstbJyHTd6l/uOt8jFFHp6TRDWZR/bV3emEE/zU8=
gopkg.in/check.v1 v0.0.0-20161208181325-20d25e280405 h1:yhCVgyC4o1eVCa2tZl7eS0r+SDo693bJlVdllGtEeKM=
gopkg.in/check.v1 v0.0.0-20161208181325-20d25e280405/go.mod h1:Co6ibVJAznAaIkqp8huTwlJQCZ016jof/cbN4VW5Yz0=
gopkg.in/yaml.v3 v3.0.1 h1:fxVm/GzAzEWqLHuvctI91KS9hhNmmWOoWu0XTYJS7CA=
gopkg.in/yaml.v3 v3.0.1/go.mod h1:K4uyk7z7BCEPqu6E+C64Yfv1cQ7kz7rIZviUmN+EgEM=
